
Microsoft Visual Studio Solution File, Format Version 12.00
# Visual Studio Version 16
VisualStudioVersion = 16.0.28803.452
MinimumVisualStudioVersion = 10.0.40219.1
Project("{8BC9CEB8-8B4A-11D0-8D11-00A0C91BC942}") = "TP3", "TP3\TP3.vcxproj", "{F374B8C0-CDA8-49B4-8D60-ACF3F00B767F}"
EndProject
Global
	GlobalSection(SolutionConfigurationPlatforms) = preSolution
		Debug|x64 = Debug|x64
		Debug|x86 = Debug|x86
		Release|x64 = Release|x64
		Release|x86 = Release|x86
	EndGlobalSection
	GlobalSection(ProjectConfigurationPlatforms) = postSolution
		{F374B8C0-CDA8-49B4-8D60-ACF3F00B767F}.Debug|x64.ActiveCfg = Debug|x64
		{F374B8C0-CDA8-49B4-8D60-ACF3F00B767F}.Debug|x64.Build.0 = Debug|x64
		{F374B8C0-CDA8-49B4-8D60-ACF3F00B767F}.Debug|x86.ActiveCfg = Debug|Win32
		{F374B8C0-CDA8-49B4-8D60-ACF3F00B767F}.Debug|x86.Build.0 = Debug|Win32
		{F374B8C0-CDA8-49B4-8D60-ACF3F00B767F}.Release|x64.ActiveCfg = Release|x64
		{F374B8C0-CDA8-49B4-8D60-ACF3F00B767F}.Release|x64.Build.0 = Release|x64
		{F374B8C0-CDA8-49B4-8D60-ACF3F00B767F}.Release|x86.ActiveCfg = Release|Win32
		{F374B8C0-CDA8-49B4-8D60-ACF3F00B767F}.Release|x86.Build.0 = Release|Win32
	EndGlobalSection
	GlobalSection(SolutionProperties) = preSolution
		HideSolutionNode = FALSE
	EndGlobalSection
	GlobalSection(ExtensibilityGlobals) = postSolution
		SolutionGuid = {F0D141CD-B5AA-43F8-BBCF-03A73BB2CA05}
	EndGlobalSection
EndGlobal
